
Microsoft Visual Studio Solution File, Format Version 12.00
# Visual Studio Version 16
VisualStudioVersion = 16.0.31424.327
MinimumVisualStudioVersion = 10.0.40219.1
Project("{FAE04EC0-301F-11D3-BF4B-00C04F79EFBC}") = "Assicurazione", "CassanoValentina_Week6\Assicurazione.csproj", "{DBD4C4B4-D5D3-4D01-BFD4-3C105D54B7F6}"
EndProject
Global
	GlobalSection(SolutionConfigurationPlatforms) = preSolution
		Debug|Any CPU = Debug|Any CPU
		Release|Any CPU = Release|Any CPU
	EndGlobalSection
	GlobalSection(ProjectConfigurationPlatforms) = postSolution
		{DBD4C4B4-D5D3-4D01-BFD4-3C105D54B7F6}.Debug|Any CPU.ActiveCfg = Debug|Any CPU
		{DBD4C4B4-D5D3-4D01-BFD4-3C105D54B7F6}.Debug|Any CPU.Build.0 = Debug|Any CPU
		{DBD4C4B4-D5D3-4D01-BFD4-3C105D54B7F6}.Release|Any CPU.ActiveCfg = Release|Any CPU
		{DBD4C4B4-D5D3-4D01-BFD4-3C105D54B7F6}.Release|Any CPU.Build.0 = Release|Any CPU
	EndGlobalSection
	GlobalSection(SolutionProperties) = preSolution
		HideSolutionNode = FALSE
	EndGlobalSection
	GlobalSection(ExtensibilityGlobals) = postSolution
		SolutionGuid = {DB8D3092-8A87-4D8E-AC48-3F22E8FECA3E}
	EndGlobalSection
EndGlobal
